
Microsoft Visual Studio Solution File, Format Version 12.00
# Visual Studio Version 17
VisualStudioVersion = 17.14.36301.6 d17.14
MinimumVisualStudioVersion = 10.0.40219.1
Project("{FAE04EC0-301F-11D3-BF4B-00C04F79EFBC}") = "ASP.NET Core Role-Based Access Control Assignment", "ASP.NET Core Role-Based Access Control Assignment.csproj", "{0DAB4DD8-9839-4F3B-A6BF-2407367B1989}"
EndProject
Global
	GlobalSection(SolutionConfigurationPlatforms) = preSolution
		Debug|Any CPU = Debug|Any CPU
		Release|Any CPU = Release|Any CPU
	EndGlobalSection
	GlobalSection(ProjectConfigurationPlatforms) = postSolution
		{0DAB4DD8-9839-4F3B-A6BF-2407367B1989}.Debug|Any CPU.ActiveCfg = Debug|Any CPU
		{0DAB4DD8-9839-4F3B-A6BF-2407367B1989}.Debug|Any CPU.Build.0 = Debug|Any CPU
		{0DAB4DD8-9839-4F3B-A6BF-2407367B1989}.Release|Any CPU.ActiveCfg = Release|Any CPU
		{0DAB4DD8-9839-4F3B-A6BF-2407367B1989}.Release|Any CPU.Build.0 = Release|Any CPU
	EndGlobalSection
	GlobalSection(SolutionProperties) = preSolution
		HideSolutionNode = FALSE
	EndGlobalSection
	GlobalSection(ExtensibilityGlobals) = postSolution
		SolutionGuid = {4B0FA058-F4FF-4874-9E33-399417DE59A5}
	EndGlobalSection
EndGlobal
